<Solution>
  <Project Path="../NServiceBusContrib.Persistence.Sqlite.TransactionalSession/NServiceBusContrib.Persistence.Sqlite.TransactionalSession.csproj" />
  <Project Path="../NServiceBusContrib.Persistence.Sqlite/NServiceBusContrib.Persistence.Sqlite.csproj" />
  <Project Path="Demo.Messages/Demo.Messages.csproj" />
  <Project Path="Demo.Sales/Demo.Sales.csproj" />
  <Project Path="Demo.Sender/Demo.Sender.csproj" />
  <Project Path="Demo.Shipping/Demo.Shipping.csproj" />
  <Project Path="Demo.TxClient/Demo.TxClient.csproj" />
</Solution>
